
Microsoft Visual Studio Solution File, Format Version 12.00
# Visual Studio Version 17
VisualStudioVersion = 17.3.32922.545
MinimumVisualStudioVersion = 10.0.40219.1
Project("{FAE04EC0-301F-11D3-BF4B-00C04F79EFBC}") = "DemoTF", "DemoTF\DemoTF.csproj", "{EC3E4B4C-EBDC-402B-A246-8EC9A1A22053}"
EndProject
Global
	GlobalSection(SolutionConfigurationPlatforms) = preSolution
		Debug|Any CPU = Debug|Any CPU
		Release|Any CPU = Release|Any CPU
	EndGlobalSection
	GlobalSection(ProjectConfigurationPlatforms) = postSolution
		{EC3E4B4C-EBDC-402B-A246-8EC9A1A22053}.Debug|Any CPU.ActiveCfg = Debug|Any CPU
		{EC3E4B4C-EBDC-402B-A246-8EC9A1A22053}.Debug|Any CPU.Build.0 = Debug|Any CPU
		{EC3E4B4C-EBDC-402B-A246-8EC9A1A22053}.Release|Any CPU.ActiveCfg = Release|Any CPU
		{EC3E4B4C-EBDC-402B-A246-8EC9A1A22053}.Release|Any CPU.Build.0 = Release|Any CPU
	EndGlobalSection
	GlobalSection(SolutionProperties) = preSolution
		HideSolutionNode = FALSE
	EndGlobalSection
	GlobalSection(ExtensibilityGlobals) = postSolution
		SolutionGuid = {C3F9A673-B67C-49FF-8A88-F5C07D30552B}
	EndGlobalSection
EndGlobal
